{
  "name": "start-lit-element",
  "version": "1.0.0",
  "lockfileVersion": 1,
  "requires": true,
  "dependencies": {
    "@polymer/iron-flex-layout": {
      "version": "3.0.1",
      "resolved": "https://globaldevtools.bbva.com:443/artifactory/api/npm/npm-repo/@polymer/iron-flex-layout/-/iron-flex-layout-3.0.1.tgz",
      "integrity": "sha1-NvnhqOt5LSebK8ddNiYochrTfww=",
      "requires": {
        "@polymer/polymer": "3.2.0"
      }
    },
    "@polymer/iron-icon": {
      "version": "3.0.1",
      "resolved": "https://globaldevtools.bbva.com:443/artifactory/api/npm/npm-repo/@polymer/iron-icon/-/iron-icon-3.0.1.tgz",
      "integrity": "sha1-kyEcOdiCX+SWWmhBlWYDbB3ykes=",
      "requires": {
        "@polymer/iron-flex-layout": "3.0.1",
        "@polymer/iron-meta": "3.0.1",
        "@polymer/polymer": "3.2.0"
      }
    },
    "@polymer/iron-icons": {
      "version": "3.0.1",
      "resolved": "https://globaldevtools.bbva.com:443/artifactory/api/npm/npm-repo/@polymer/iron-icons/-/iron-icons-3.0.1.tgz",
      "integrity": "sha1-wb0x2Eg6+9tUIs3DhAgeGckmfP4=",
      "requires": {
        "@polymer/iron-icon": "3.0.1",
        "@polymer/iron-iconset-svg": "3.0.1",
        "@polymer/polymer": "3.2.0"
      }
    },
    "@polymer/iron-iconset-svg": {
      "version": "3.0.1",
      "resolved": "https://globaldevtools.bbva.com:443/artifactory/api/npm/npm-repo/@polymer/iron-iconset-svg/-/iron-iconset-svg-3.0.1.tgz",
      "integrity": "sha1-Vo1ufbwSApna5jvjYArroNMN2+o=",
      "requires": {
        "@polymer/iron-meta": "3.0.1",
        "@polymer/polymer": "3.2.0"
      }
    },
    "@polymer/iron-meta": {
      "version": "3.0.1",
      "resolved": "https://globaldevtools.bbva.com:443/artifactory/api/npm/npm-repo/@polymer/iron-meta/-/iron-meta-3.0.1.tgz",
      "integrity": "sha1-fxQGKNEnsKKE+ILxuzI6JhvBJfU=",
      "requires": {
        "@polymer/polymer": "3.2.0"
      }
    },
    "@polymer/polymer": {
      "version": "3.2.0",
      "resolved": "https://globaldevtools.bbva.com:443/artifactory/api/npm/npm-repo/@polymer/polymer/-/polymer-3.2.0.tgz",
      "integrity": "sha1-tB/d7E7KxjsSk2uTcmZ40jrdev0=",
      "requires": {
        "@webcomponents/shadycss": "1.9.1"
      }
    },
    "@webcomponents/shadycss": {
      "version": "1.9.1",
      "resolved": "https://globaldevtools.bbva.com:443/artifactory/api/npm/npm-repo/@webcomponents/shadycss/-/shadycss-1.9.1.tgz",
      "integrity": "sha1-12n7rfpQTxG4TK7vJnAfiQcOxJo="
    },
    "@webcomponents/webcomponentsjs": {
      "version": "2.2.8",
      "resolved": "https://globaldevtools.bbva.com:443/artifactory/api/npm/npm-repo/@webcomponents/webcomponentsjs/-/webcomponentsjs-2.2.8.tgz",
      "integrity": "sha1-N2nUysbz6vbtNwTiVSK3SDU+290="
    },
    "lit-element": {
      "version": "2.1.0",
      "resolved": "https://globaldevtools.bbva.com:443/artifactory/api/npm/npm-repo/lit-element/-/lit-element-2.1.0.tgz",
      "integrity": "sha1-hbw/HaAif0sT3oob6Xgim5+jJ+k=",
      "requires": {
        "lit-html": "1.0.0"
      }
    },
    "lit-html": {
      "version": "1.0.0",
      "resolved": "https://globaldevtools.bbva.com:443/artifactory/api/npm/npm-repo/lit-html/-/lit-html-1.0.0.tgz",
      "integrity": "sha1-PcN4GoymiptcL/KmHiY2YrmyJns="
    }
  }
}
